{
  "requires": true,
  "lockfileVersion": 1,
  "dependencies": {
    "simple-icons": {
      "version": "5.5.0",
      "resolved": "https://registry.npmjs.org/simple-icons/-/simple-icons-5.5.0.tgz",
      "integrity": "sha512-FiC/qOTe2CVRbur7SYOg1iPbAo5AkrBWDiv9khmfPnZyxtu8AyDF7aj+blNuuN77zVCFSuu4j71yJ5q+WJwIDQ=="
    }
  }
}
